{
    "_readme": [
        "This file locks the dependencies of your project to a known state",
        "Read more about it at http://getcomposer.org/doc/01-basic-usage.md#composer-lock-the-lock-file",
        "This file is @generated automatically"
    ],
    "hash": "6458361a1456e9f00067c70142835be5",
    "packages": [
        {
            "name": "icecave/druid",
            "version": "1.0.1",
            "source": {
                "type": "git",
                "url": "https://github.com/IcecaveStudios/druid.git",
                "reference": "9cbb2768c6f049ac7ba577cbd821cb10425eb628"
            },
            "dist": {
                "type": "zip",
                "url": "https://api.github.com/repos/IcecaveStudios/druid/zipball/9cbb2768c6f049ac7ba577cbd821cb10425eb628",
                "reference": "9cbb2768c6f049ac7ba577cbd821cb10425eb628",
                "shasum": ""
            },
            "require": {
                "icecave/isolator": "~2|~3",
                "php": ">=5.3"
            },
            "require-dev": {
                "icecave/archer": "~1"
            },
            "type": "library",
            "extra": {
                "branch-alias": {
                    "dev-develop": "1.0.x-dev"
                }
            },
            "autoload": {
                "psr-4": {
                    "Icecave\\Druid\\": "src"
                }
            },
            "notification-url": "https://packagist.org/downloads/",
            "license": [
                "MIT"
            ],
            "authors": [
                {
                    "name": "James Harris",
                    "email": "james.harris@icecave.com.au",
                    "homepage": "https://github.com/jmalloc"
                }
            ],
            "description": "An RFC-4122 compliant library for generating and parsing universally unique identifiers (UUIDs).",
            "homepage": "https://github.com/IcecaveStudios/druid",
            "keywords": [
                "4122",
                "RFC-4122",
                "global",
                "guid",
                "id",
                "identifer",
                "random",
                "rfc4122",
                "unique",
                "universal",
                "universally",
                "uuid"
            ],
            "time": "2014-11-08 08:34:19"
        },
        {
            "name": "icecave/isolator",
            "version": "3.0.3",
            "source": {
                "type": "git",
                "url": "https://github.com/IcecaveStudios/isolator.git",
                "reference": "8fad9e64c393238b01b359e01bd7f25dcdb818e4"
            },
            "dist": {
                "type": "zip",
                "url": "https://api.github.com/repos/IcecaveStudios/isolator/zipball/8fad9e64c393238b01b359e01bd7f25dcdb818e4",
                "reference": "8fad9e64c393238b01b359e01bd7f25dcdb818e4",
                "shasum": ""
            },
            "require": {
                "php": ">=5.3"
            },
            "require-dev": {
                "icecave/archer": "~1"
            },
            "type": "library",
            "extra": {
                "branch-alias": {
                    "dev-develop": "3.0.x-dev"
                }
            },
            "autoload": {
                "psr-4": {
                    "Icecave\\Isolator\\": "src"
                },
                "files": [
                    "src/register-autoloader.php"
                ]
            },
            "notification-url": "https://packagist.org/downloads/",
            "license": [
                "MIT"
            ],
            "authors": [
                {
                    "name": "James Harris",
                    "email": "james.harris@icecave.com.au",
                    "homepage": "https://github.com/jmalloc"
                }
            ],
            "description": "Dependency injection for global functions.",
            "homepage": "https://github.com/IcecaveStudios/isolator",
            "keywords": [
                "Double",
                "fake",
                "mock",
                "phpunit",
                "stub",
                "test",
                "unit"
            ],
            "time": "2015-03-27 05:04:19"
        },
        {
            "name": "jasig/phpcas",
            "version": "1.3.4",
            "source": {
                "type": "git",
                "url": "https://github.com/Jasig/phpCAS.git",
                "reference": "8c74d21630f74278270830fdbdb0c1317bce3f0a"
            },
            "dist": {
                "type": "zip",
                "url": "https://api.github.com/repos/Jasig/phpCAS/zipball/8c74d21630f74278270830fdbdb0c1317bce3f0a",
                "reference": "8c74d21630f74278270830fdbdb0c1317bce3f0a",
                "shasum": ""
            },
            "require": {
                "ext-curl": "*",
                "php": ">=5.0.0"
            },
            "require-dev": {
                "phpunit/phpunit": "~3.7.10"
            },
            "type": "library",
            "extra": {
                "branch-alias": {
                    "dev-master": "1.3.x-dev"
                }
            },
            "autoload": {
                "classmap": [
                    "source/"
                ]
            },
            "notification-url": "https://packagist.org/downloads/",
            "license": [
                "Apache-2.0"
            ],
            "authors": [
                {
                    "name": "Joachim Fritschi",
                    "homepage": "https://wiki.jasig.org/display/~fritschi"
                },
                {
                    "name": "Adam Franco",
                    "homepage": "https://wiki.jasig.org/display/~adamfranco"
                }
            ],
            "description": "Provides a simple API for authenticating users against a CAS server",
            "homepage": "https://wiki.jasig.org/display/CASC/phpCAS",
            "keywords": [
                "cas",
                "jasig"
            ],
            "time": "2015-11-16 20:44:36"
        },
        {
            "name": "lcobucci/jwt",
            "version": "3.1.0",
            "source": {
                "type": "git",
                "url": "https://github.com/lcobucci/jwt.git",
                "reference": "31499db4e692b343cec7ff345932899f98fde1cf"
            },
            "dist": {
                "type": "zip",
                "url": "https://api.github.com/repos/lcobucci/jwt/zipball/31499db4e692b343cec7ff345932899f98fde1cf",
                "reference": "31499db4e692b343cec7ff345932899f98fde1cf",
                "shasum": ""
            },
            "require": {
                "ext-openssl": "*",
                "php": ">=5.5"
            },
            "require-dev": {
                "mdanter/ecc": "~0.3",
                "mikey179/vfsstream": "~1.5",
                "phpmd/phpmd": "~2.2",
                "phpunit/php-invoker": "~1.1",
                "phpunit/phpunit": "~4.5",
                "squizlabs/php_codesniffer": "~2.3"
            },
            "suggest": {
                "mdanter/ecc": "Required to use Elliptic Curves based algorithms."
            },
            "type": "library",
            "extra": {
                "branch-alias": {
                    "dev-master": "3.1-dev"
                }
            },
            "autoload": {
                "psr-4": {
                    "Lcobucci\\JWT\\": "src"
                }
            },
            "notification-url": "https://packagist.org/downloads/",
            "license": [
                "BSD-3-Clause"
            ],
            "authors": [
                {
                    "name": "Luís Otávio Cobucci Oblonczyk",
                    "email": "lcobucci@gmail.com",
                    "role": "Developer"
                }
            ],
            "description": "A simple library to work with JSON Web Token and JSON Web Signature",
            "keywords": [
                "JWS",
                "jwt"
            ],
            "time": "2015-11-15 01:42:47"
        },
        {
            "name": "twig/twig",
            "version": "v1.24.0",
            "source": {
                "type": "git",
                "url": "https://github.com/twigphp/Twig.git",
                "reference": "3e5aa30ebfbafd5951fb1b01e338e1800ce7e0e8"
            },
            "dist": {
                "type": "zip",
                "url": "https://api.github.com/repos/twigphp/Twig/zipball/3e5aa30ebfbafd5951fb1b01e338e1800ce7e0e8",
                "reference": "3e5aa30ebfbafd5951fb1b01e338e1800ce7e0e8",
                "shasum": ""
            },
            "require": {
                "php": ">=5.2.7"
            },
            "require-dev": {
                "symfony/debug": "~2.7",
                "symfony/phpunit-bridge": "~2.7"
            },
            "type": "library",
            "extra": {
                "branch-alias": {
                    "dev-master": "1.24-dev"
                }
            },
            "autoload": {
                "psr-0": {
                    "Twig_": "lib/"
                }
            },
            "notification-url": "https://packagist.org/downloads/",
            "license": [
                "BSD-3-Clause"
            ],
            "authors": [
                {
                    "name": "Fabien Potencier",
                    "email": "fabien@symfony.com",
                    "homepage": "http://fabien.potencier.org",
                    "role": "Lead Developer"
                },
                {
                    "name": "Armin Ronacher",
                    "email": "armin.ronacher@active-4.com",
                    "role": "Project Founder"
                },
                {
                    "name": "Twig Team",
                    "homepage": "http://twig.sensiolabs.org/contributors",
                    "role": "Contributors"
                }
            ],
            "description": "Twig, the flexible, fast, and secure template language for PHP",
            "homepage": "http://twig.sensiolabs.org",
            "keywords": [
                "templating"
            ],
            "time": "2016-01-25 21:22:18"
        }
    ],
    "packages-dev": [],
    "aliases": [],
    "minimum-stability": "stable",
    "stability-flags": [],
    "prefer-stable": false,
    "prefer-lowest": false,
    "platform": [],
    "platform-dev": []
}
